
Microsoft Visual Studio Solution File, Format Version 12.00
# Visual Studio 15
VisualStudioVersion = 15.0.28307.168
MinimumVisualStudioVersion = 10.0.40219.1
Project("{FAE04EC0-301F-11D3-BF4B-00C04F79EFBC}") = "WebApp", "WebApp\WebApp.csproj", "{47B6B66D-DA3E-4C5C-A9C4-1240763E5B54}"
EndProject
Global
	GlobalSection(SolutionConfigurationPlatforms) = preSolution
		Debug|Any CPU = Debug|Any CPU
		Release|Any CPU = Release|Any CPU
	EndGlobalSection
	GlobalSection(ProjectConfigurationPlatforms) = postSolution
		{47B6B66D-DA3E-4C5C-A9C4-1240763E5B54}.Debug|Any CPU.ActiveCfg = Debug|Any CPU
		{47B6B66D-DA3E-4C5C-A9C4-1240763E5B54}.Debug|Any CPU.Build.0 = Debug|Any CPU
		{47B6B66D-DA3E-4C5C-A9C4-1240763E5B54}.Release|Any CPU.ActiveCfg = Release|Any CPU
		{47B6B66D-DA3E-4C5C-A9C4-1240763E5B54}.Release|Any CPU.Build.0 = Release|Any CPU
	EndGlobalSection
	GlobalSection(SolutionProperties) = preSolution
		HideSolutionNode = FALSE
	EndGlobalSection
	GlobalSection(ExtensibilityGlobals) = postSolution
		SolutionGuid = {BEED6403-D017-4E50-A1C2-B4A61F278855}
	EndGlobalSection
EndGlobal
